
Microsoft Visual Studio Solution File, Format Version 12.00
# Visual Studio Version 17
VisualStudioVersion = 17.6.33801.468
MinimumVisualStudioVersion = 10.0.40219.1
Project("{8BC9CEB8-8B4A-11D0-8D11-00A0C91BC942}") = "Merge Sort Algorithm", "Merge Sort Algorithm\Merge Sort Algorithm.vcxproj", "{BF543E47-D652-479E-907D-BD9F69F61D47}"
EndProject
Global
	GlobalSection(SolutionConfigurationPlatforms) = preSolution
		Debug|x64 = Debug|x64
		Debug|x86 = Debug|x86
		Release|x64 = Release|x64
		Release|x86 = Release|x86
	EndGlobalSection
	GlobalSection(ProjectConfigurationPlatforms) = postSolution
		{BF543E47-D652-479E-907D-BD9F69F61D47}.Debug|x64.ActiveCfg = Debug|x64
		{BF543E47-D652-479E-907D-BD9F69F61D47}.Debug|x64.Build.0 = Debug|x64
		{BF543E47-D652-479E-907D-BD9F69F61D47}.Debug|x86.ActiveCfg = Debug|Win32
		{BF543E47-D652-479E-907D-BD9F69F61D47}.Debug|x86.Build.0 = Debug|Win32
		{BF543E47-D652-479E-907D-BD9F69F61D47}.Release|x64.ActiveCfg = Release|x64
		{BF543E47-D652-479E-907D-BD9F69F61D47}.Release|x64.Build.0 = Release|x64
		{BF543E47-D652-479E-907D-BD9F69F61D47}.Release|x86.ActiveCfg = Release|Win32
		{BF543E47-D652-479E-907D-BD9F69F61D47}.Release|x86.Build.0 = Release|Win32
	EndGlobalSection
	GlobalSection(SolutionProperties) = preSolution
		HideSolutionNode = FALSE
	EndGlobalSection
	GlobalSection(ExtensibilityGlobals) = postSolution
		SolutionGuid = {66444511-598A-4777-AC64-17EB0969D9F8}
	EndGlobalSection
EndGlobal
