
Microsoft Visual Studio Solution File, Format Version 12.00
# Visual Studio Version 17
VisualStudioVersion = 17.9.34622.214
MinimumVisualStudioVersion = 10.0.40219.1
Project("{8BC9CEB8-8B4A-11D0-8D11-00A0C91BC942}") = "Balanced Parantheses", "Balanced Parantheses\Balanced Parantheses.vcxproj", "{D78190BA-4D42-47C5-A8A1-DDA4FC36E252}"
EndProject
Global
	GlobalSection(SolutionConfigurationPlatforms) = preSolution
		Debug|x64 = Debug|x64
		Debug|x86 = Debug|x86
		Release|x64 = Release|x64
		Release|x86 = Release|x86
	EndGlobalSection
	GlobalSection(ProjectConfigurationPlatforms) = postSolution
		{D78190BA-4D42-47C5-A8A1-DDA4FC36E252}.Debug|x64.ActiveCfg = Debug|x64
		{D78190BA-4D42-47C5-A8A1-DDA4FC36E252}.Debug|x64.Build.0 = Debug|x64
		{D78190BA-4D42-47C5-A8A1-DDA4FC36E252}.Debug|x86.ActiveCfg = Debug|Win32
		{D78190BA-4D42-47C5-A8A1-DDA4FC36E252}.Debug|x86.Build.0 = Debug|Win32
		{D78190BA-4D42-47C5-A8A1-DDA4FC36E252}.Release|x64.ActiveCfg = Release|x64
		{D78190BA-4D42-47C5-A8A1-DDA4FC36E252}.Release|x64.Build.0 = Release|x64
		{D78190BA-4D42-47C5-A8A1-DDA4FC36E252}.Release|x86.ActiveCfg = Release|Win32
		{D78190BA-4D42-47C5-A8A1-DDA4FC36E252}.Release|x86.Build.0 = Release|Win32
	EndGlobalSection
	GlobalSection(SolutionProperties) = preSolution
		HideSolutionNode = FALSE
	EndGlobalSection
	GlobalSection(ExtensibilityGlobals) = postSolution
		SolutionGuid = {C8185539-56E7-462B-8048-8A03C3D3E691}
	EndGlobalSection
EndGlobal
